[{<<"cowboy">>,
  {git,"https://gitee.com/imboy-tripartite-deps/cowboy",
       {ref,"04ca4c5d31a92d4d3de087bbd7d6021dc4a6d409"}},
  0},
 {<<"cowlib">>,
  {git,"https://gitee.com/imboy-tripartite-deps/cowlib",
       {ref,"e9448e5628c8c1d9083223ff973af8de31a566d1"}},
  0},
 {<<"depcache">>,
  {git,"https://gitee.com/imboy-tripartite-deps/depcache",
       {ref,"330a92e18c6d6336538a0eed8286dad71d7b7d8d"}},
  0},
 {<<"gen_smtp">>,
  {git,"https://gitee.com/imboy-tripartite-deps/gen_smtp",
       {ref,"685fc92893297d8d726cae1029b9568ae79a0ead"}},
  0},
 {<<"goldrush">>,
  {git,"https://gitee.com/imboy-tripartite-deps/goldrush",
       {ref,"8f1b715d36b650ec1e1f5612c00e28af6ab0de82"}},
  0},
 {<<"hashids">>,
  {git,"https://gitee.com/imboy-tripartite-deps/hashids-erlang",
       {ref,"c6bb42ade888558635c01b40f16d1efbebd48632"}},
  0},
 {<<"hut">>,
  {git,"https://gitee.com/imboy-tripartite-deps/hut",
       {ref,"9a9ac53401524548d6b6079d07e010ddb5cb15a1"}},
  0},
 {<<"jsone">>,
  {git,"https://gitee.com/imboy-tripartite-deps/jsone",
       {ref,"5b8a8581743e5975f1b4062f768cff1e75ee39ef"}},
  0},
 {<<"jsx">>,
  {git,"https://gitee.com/imboy-tripartite-deps/jsx",
       {ref,"fc2a001073f2300ba38427c23e83d5673c020542"}},
  0},
 {<<"jwerl">>,
  {git,"https://gitee.com/mirrors_emqx/jwerl",
       {ref,"2753a21bae9ecdea7f42f4494ff86b9e07596e41"}},
  0},
 {<<"lager">>,
  {git,"https://gitee.com/imboy-tripartite-deps/lager",
       {ref,"459a3b2cdd9eadd29e5a7ce5c43932f5ccd6eb88"}},
  0},
 {<<"mysql">>,
  {git,"https://gitee.com/imboy-tripartite-deps/mysql-otp",
       {ref,"6b089f9c273771310d3a491fa33de0c0eddf0a33"}},
  0},
 {<<"observer_cli">>,
  {git,"https://gitee.com/imboy-tripartite-deps/observer_cli",
       {ref,"373cd66cf5b05240f807a70edf4fd0528cdf5ff9"}},
  0},
 {<<"poolboy">>,
  {git,"https://gitee.com/imboy-tripartite-deps/poolboy",
       {ref,"29be47db8c2be38b18c908e43a80ebb7b9b6116b"}},
  0},
 {<<"ranch">>,
  {git,"https://gitee.com/imboy-tripartite-deps/ranch",
       {ref,"a692f44567034dacf5efcaa24a24183788594eb7"}},
  0},
 {<<"recon">>,
  {git,"https://gitee.com/imboy-tripartite-deps/recon",
       {ref,"f7b6c08e6e9e2219db58bfb012c58c178822e01e"}},
  0}].
